
Microsoft Visual Studio Solution File, Format Version 12.00
# Visual Studio Version 17
VisualStudioVersion = 17.10.34928.147
MinimumVisualStudioVersion = 10.0.40219.1
Project("{FAE04EC0-301F-11D3-BF4B-00C04F79EFBC}") = "Compras", "Compras\Compras.csproj", "{5569D404-6378-4B50-8530-6FA6578F590E}"
EndProject
Global
	GlobalSection(SolutionConfigurationPlatforms) = preSolution
		Debug|Any CPU = Debug|Any CPU
		Release|Any CPU = Release|Any CPU
	EndGlobalSection
	GlobalSection(ProjectConfigurationPlatforms) = postSolution
		{5569D404-6378-4B50-8530-6FA6578F590E}.Debug|Any CPU.ActiveCfg = Debug|Any CPU
		{5569D404-6378-4B50-8530-6FA6578F590E}.Debug|Any CPU.Build.0 = Debug|Any CPU
		{5569D404-6378-4B50-8530-6FA6578F590E}.Release|Any CPU.ActiveCfg = Release|Any CPU
		{5569D404-6378-4B50-8530-6FA6578F590E}.Release|Any CPU.Build.0 = Release|Any CPU
	EndGlobalSection
	GlobalSection(SolutionProperties) = preSolution
		HideSolutionNode = FALSE
	EndGlobalSection
	GlobalSection(ExtensibilityGlobals) = postSolution
		SolutionGuid = {F6A1C9AE-AC5F-4C8F-90F3-B467F4F80E31}
	EndGlobalSection
EndGlobal
